
Microsoft Visual Studio Solution File, Format Version 12.00
# Visual Studio Version 17
VisualStudioVersion = 17.6.33815.320
MinimumVisualStudioVersion = 10.0.40219.1
Project("{FAE04EC0-301F-11D3-BF4B-00C04F79EFBC}") = "Ucaq_Bilet", "Ucaq_Bilet\Ucaq_Bilet.csproj", "{AE126D50-4649-49CE-B232-C863F406EB13}"
EndProject
Global
	GlobalSection(SolutionConfigurationPlatforms) = preSolution
		Debug|Any CPU = Debug|Any CPU
		Release|Any CPU = Release|Any CPU
	EndGlobalSection
	GlobalSection(ProjectConfigurationPlatforms) = postSolution
		{AE126D50-4649-49CE-B232-C863F406EB13}.Debug|Any CPU.ActiveCfg = Debug|Any CPU
		{AE126D50-4649-49CE-B232-C863F406EB13}.Debug|Any CPU.Build.0 = Debug|Any CPU
		{AE126D50-4649-49CE-B232-C863F406EB13}.Release|Any CPU.ActiveCfg = Release|Any CPU
		{AE126D50-4649-49CE-B232-C863F406EB13}.Release|Any CPU.Build.0 = Release|Any CPU
	EndGlobalSection
	GlobalSection(SolutionProperties) = preSolution
		HideSolutionNode = FALSE
	EndGlobalSection
	GlobalSection(ExtensibilityGlobals) = postSolution
		SolutionGuid = {25FA1498-1D67-4659-A35F-4B47A20A8E7C}
	EndGlobalSection
EndGlobal
